
Microsoft Visual Studio Solution File, Format Version 12.00
# Visual Studio 14
VisualStudioVersion = 14.0.24720.0
MinimumVisualStudioVersion = 10.0.40219.1
Project("{FAE04EC0-301F-11D3-BF4B-00C04F79EFBC}") = "SrfCompileInfo", "OLE\SrfCompileInfo.csproj", "{A91DAA23-C40C-4D87-8972-1A9C316D1CCB}"
EndProject
Project("{FAE04EC0-301F-11D3-BF4B-00C04F79EFBC}") = "SrfCompileInfoCmdLet", "CmdLet\SrfCompileInfoCmdLet.csproj", "{692634AC-1E4B-4250-A371-6FBB9D635935}"
EndProject
Project("{FAE04EC0-301F-11D3-BF4B-00C04F79EFBC}") = "OpenMcdf", "OpenMcdf\OpenMcdf.csproj", "{5CF92B68-1827-48F4-ACF9-07B37D304479}"
EndProject
Global
	GlobalSection(SolutionConfigurationPlatforms) = preSolution
		Debug|Any CPU = Debug|Any CPU
		Release|Any CPU = Release|Any CPU
	EndGlobalSection
	GlobalSection(ProjectConfigurationPlatforms) = postSolution
		{A91DAA23-C40C-4D87-8972-1A9C316D1CCB}.Debug|Any CPU.ActiveCfg = Debug|Any CPU
		{A91DAA23-C40C-4D87-8972-1A9C316D1CCB}.Debug|Any CPU.Build.0 = Debug|Any CPU
		{A91DAA23-C40C-4D87-8972-1A9C316D1CCB}.Release|Any CPU.ActiveCfg = Release|Any CPU
		{A91DAA23-C40C-4D87-8972-1A9C316D1CCB}.Release|Any CPU.Build.0 = Release|Any CPU
		{692634AC-1E4B-4250-A371-6FBB9D635935}.Debug|Any CPU.ActiveCfg = Debug|Any CPU
		{692634AC-1E4B-4250-A371-6FBB9D635935}.Debug|Any CPU.Build.0 = Debug|Any CPU
		{692634AC-1E4B-4250-A371-6FBB9D635935}.Release|Any CPU.ActiveCfg = Release|Any CPU
		{692634AC-1E4B-4250-A371-6FBB9D635935}.Release|Any CPU.Build.0 = Release|Any CPU
		{5CF92B68-1827-48F4-ACF9-07B37D304479}.Debug|Any CPU.ActiveCfg = Debug|Any CPU
		{5CF92B68-1827-48F4-ACF9-07B37D304479}.Debug|Any CPU.Build.0 = Debug|Any CPU
		{5CF92B68-1827-48F4-ACF9-07B37D304479}.Release|Any CPU.ActiveCfg = Release|Any CPU
		{5CF92B68-1827-48F4-ACF9-07B37D304479}.Release|Any CPU.Build.0 = Release|Any CPU
	EndGlobalSection
	GlobalSection(SolutionProperties) = preSolution
		HideSolutionNode = FALSE
	EndGlobalSection
EndGlobal
